
Microsoft Visual Studio Solution File, Format Version 12.00
# Visual Studio Version 17
VisualStudioVersion = 17.6.33829.357
MinimumVisualStudioVersion = 10.0.40219.1
Project("{9A19103F-16F7-4668-BE54-9A1E7A4F7556}") = "WebApi", "WebApi\WebApi.csproj", "{DD7FBC9D-64B1-42F2-BA75-B721DFD99608}"
EndProject
Project("{9A19103F-16F7-4668-BE54-9A1E7A4F7556}") = "NrExtras.EmailHelper", "..\..\ClassLibraries\NrExtrasSolution\NrExtras.EmailHelper\NrExtras.EmailHelper.csproj", "{89CF1531-3217-4C8B-AB59-DA4BE9DBD7A7}"
EndProject
Project("{9A19103F-16F7-4668-BE54-9A1E7A4F7556}") = "NrExtras.EncryptionHelper", "..\..\ClassLibraries\NrExtrasSolution\NrExtras.EncryptionHelper\NrExtras.EncryptionHelper.csproj", "{46B693B6-F40F-48C1-96E0-37E26BC05A8B}"
EndProject
Project("{9A19103F-16F7-4668-BE54-9A1E7A4F7556}") = "NrExtras.GuidGenerator", "..\..\ClassLibraries\NrExtrasSolution\NrExtras.GuidGenerator\NrExtras.GuidGenerator.csproj", "{C4B43FEF-4C23-48C2-8304-1255F7A91D24}"
EndProject
Project("{9A19103F-16F7-4668-BE54-9A1E7A4F7556}") = "NrExtras.Logger", "..\..\ClassLibraries\NrExtrasSolution\NrExtras.Logger\NrExtras.Logger.csproj", "{7D50E400-3E9E-4C5E-BAA9-53347C9969B5}"
EndProject
Project("{9A19103F-16F7-4668-BE54-9A1E7A4F7556}") = "NrExtras.PassHash_Helper", "..\..\ClassLibraries\NrExtrasSolution\NrExtras.PassHash_Helper\NrExtras.PassHash_Helper.csproj", "{F09089CE-E844-40B7-ACA2-0681FAAC39D2}"
EndProject
Project("{9A19103F-16F7-4668-BE54-9A1E7A4F7556}") = "NrExtras.RandomPasswordGenerator", "..\..\ClassLibraries\NrExtrasSolution\NrExtras.RandomPasswordGenerator\NrExtras.RandomPasswordGenerator.csproj", "{3A587E1F-B222-492F-84F0-323006D0EF50}"
EndProject
Project("{9A19103F-16F7-4668-BE54-9A1E7A4F7556}") = "NrExtras.StringsHelper", "..\..\ClassLibraries\NrExtrasSolution\NrExtras.StringsHelper\NrExtras.StringsHelper.csproj", "{0AF69145-6B4B-459F-83A3-86721896DE40}"
EndProject
Project("{9A19103F-16F7-4668-BE54-9A1E7A4F7556}") = "NrExtras.Html_Helper", "..\..\ClassLibraries\NrExtrasSolution\NrExtras.Html_Helper\NrExtras.Html_Helper.csproj", "{76E236ED-AFD0-4D6C-B12C-D7CE7A6D0B7D}"
EndProject
Global
	GlobalSection(SolutionConfigurationPlatforms) = preSolution
		Debug|Any CPU = Debug|Any CPU
		Release|Any CPU = Release|Any CPU
	EndGlobalSection
	GlobalSection(ProjectConfigurationPlatforms) = postSolution
		{DD7FBC9D-64B1-42F2-BA75-B721DFD99608}.Debug|Any CPU.ActiveCfg = Debug|Any CPU
		{DD7FBC9D-64B1-42F2-BA75-B721DFD99608}.Debug|Any CPU.Build.0 = Debug|Any CPU
		{DD7FBC9D-64B1-42F2-BA75-B721DFD99608}.Release|Any CPU.ActiveCfg = Release|Any CPU
		{DD7FBC9D-64B1-42F2-BA75-B721DFD99608}.Release|Any CPU.Build.0 = Release|Any CPU
		{89CF1531-3217-4C8B-AB59-DA4BE9DBD7A7}.Debug|Any CPU.ActiveCfg = Debug|Any CPU
		{89CF1531-3217-4C8B-AB59-DA4BE9DBD7A7}.Debug|Any CPU.Build.0 = Debug|Any CPU
		{89CF1531-3217-4C8B-AB59-DA4BE9DBD7A7}.Release|Any CPU.ActiveCfg = Release|Any CPU
		{89CF1531-3217-4C8B-AB59-DA4BE9DBD7A7}.Release|Any CPU.Build.0 = Release|Any CPU
		{46B693B6-F40F-48C1-96E0-37E26BC05A8B}.Debug|Any CPU.ActiveCfg = Debug|Any CPU
		{46B693B6-F40F-48C1-96E0-37E26BC05A8B}.Debug|Any CPU.Build.0 = Debug|Any CPU
		{46B693B6-F40F-48C1-96E0-37E26BC05A8B}.Release|Any CPU.ActiveCfg = Release|Any CPU
		{46B693B6-F40F-48C1-96E0-37E26BC05A8B}.Release|Any CPU.Build.0 = Release|Any CPU
		{C4B43FEF-4C23-48C2-8304-1255F7A91D24}.Debug|Any CPU.ActiveCfg = Debug|Any CPU
		{C4B43FEF-4C23-48C2-8304-1255F7A91D24}.Debug|Any CPU.Build.0 = Debug|Any CPU
		{C4B43FEF-4C23-48C2-8304-1255F7A91D24}.Release|Any CPU.ActiveCfg = Release|Any CPU
		{C4B43FEF-4C23-48C2-8304-1255F7A91D24}.Release|Any CPU.Build.0 = Release|Any CPU
		{7D50E400-3E9E-4C5E-BAA9-53347C9969B5}.Debug|Any CPU.ActiveCfg = Debug|Any CPU
		{7D50E400-3E9E-4C5E-BAA9-53347C9969B5}.Debug|Any CPU.Build.0 = Debug|Any CPU
		{7D50E400-3E9E-4C5E-BAA9-53347C9969B5}.Release|Any CPU.ActiveCfg = Release|Any CPU
		{7D50E400-3E9E-4C5E-BAA9-53347C9969B5}.Release|Any CPU.Build.0 = Release|Any CPU
		{F09089CE-E844-40B7-ACA2-0681FAAC39D2}.Debug|Any CPU.ActiveCfg = Debug|Any CPU
		{F09089CE-E844-40B7-ACA2-0681FAAC39D2}.Debug|Any CPU.Build.0 = Debug|Any CPU
		{F09089CE-E844-40B7-ACA2-0681FAAC39D2}.Release|Any CPU.ActiveCfg = Release|Any CPU
		{F09089CE-E844-40B7-ACA2-0681FAAC39D2}.Release|Any CPU.Build.0 = Release|Any CPU
		{3A587E1F-B222-492F-84F0-323006D0EF50}.Debug|Any CPU.ActiveCfg = Debug|Any CPU
		{3A587E1F-B222-492F-84F0-323006D0EF50}.Debug|Any CPU.Build.0 = Debug|Any CPU
		{3A587E1F-B222-492F-84F0-323006D0EF50}.Release|Any CPU.ActiveCfg = Release|Any CPU
		{3A587E1F-B222-492F-84F0-323006D0EF50}.Release|Any CPU.Build.0 = Release|Any CPU
		{0AF69145-6B4B-459F-83A3-86721896DE40}.Debug|Any CPU.ActiveCfg = Debug|Any CPU
		{0AF69145-6B4B-459F-83A3-86721896DE40}.Debug|Any CPU.Build.0 = Debug|Any CPU
		{0AF69145-6B4B-459F-83A3-86721896DE40}.Release|Any CPU.ActiveCfg = Release|Any CPU
		{0AF69145-6B4B-459F-83A3-86721896DE40}.Release|Any CPU.Build.0 = Release|Any CPU
		{76E236ED-AFD0-4D6C-B12C-D7CE7A6D0B7D}.Debug|Any CPU.ActiveCfg = Debug|Any CPU
		{76E236ED-AFD0-4D6C-B12C-D7CE7A6D0B7D}.Debug|Any CPU.Build.0 = Debug|Any CPU
		{76E236ED-AFD0-4D6C-B12C-D7CE7A6D0B7D}.Release|Any CPU.ActiveCfg = Release|Any CPU
		{76E236ED-AFD0-4D6C-B12C-D7CE7A6D0B7D}.Release|Any CPU.Build.0 = Release|Any CPU
	EndGlobalSection
	GlobalSection(SolutionProperties) = preSolution
		HideSolutionNode = FALSE
	EndGlobalSection
	GlobalSection(ExtensibilityGlobals) = postSolution
		SolutionGuid = {1BBD91FA-FDB2-43DE-9F87-203BA821249D}
	EndGlobalSection
EndGlobal
